
Microsoft Visual Studio Solution File, Format Version 12.00
# Visual Studio Version 17
VisualStudioVersion = 17.0.31903.59
MinimumVisualStudioVersion = 10.0.40219.1
Project("{FAE04EC0-301F-11D3-BF4B-00C04F79EFBC}") = "HowManyOfThisType", "HowManyOfThisType\HowManyOfThisType.csproj", "{8645789B-7F3A-49EF-8189-B6CFEDCE20D2}"
EndProject
Project("{FAE04EC0-301F-11D3-BF4B-00C04F79EFBC}") = "TheyCameBefore", "TheyCameBefore\TheyCameBefore.csproj", "{4125D207-C00B-4A36-B001-E5F49E5D7109}"
EndProject
Project("{FAE04EC0-301F-11D3-BF4B-00C04F79EFBC}") = "MyGenericClass", "MyGenericClass\MyGenericClass.csproj", "{45529114-ECCB-4250-9D94-1BB0345AECBE}"
EndProject
Project("{FAE04EC0-301F-11D3-BF4B-00C04F79EFBC}") = "MyEnumerable", "MyEnumerable\MyEnumerable.csproj", "{B11692F2-4D3B-429E-9D57-9939DEA939BE}"
EndProject
Project("{FAE04EC0-301F-11D3-BF4B-00C04F79EFBC}") = "MyOwnCollection", "MyOwnCollection\MyOwnCollection.csproj", "{699420FA-44C3-4F10-AF79-2F439A84D163}"
EndProject
Global
	GlobalSection(SolutionConfigurationPlatforms) = preSolution
		Debug|Any CPU = Debug|Any CPU
		Release|Any CPU = Release|Any CPU
	EndGlobalSection
	GlobalSection(SolutionProperties) = preSolution
		HideSolutionNode = FALSE
	EndGlobalSection
	GlobalSection(ProjectConfigurationPlatforms) = postSolution
		{8645789B-7F3A-49EF-8189-B6CFEDCE20D2}.Debug|Any CPU.ActiveCfg = Debug|Any CPU
		{8645789B-7F3A-49EF-8189-B6CFEDCE20D2}.Debug|Any CPU.Build.0 = Debug|Any CPU
		{8645789B-7F3A-49EF-8189-B6CFEDCE20D2}.Release|Any CPU.ActiveCfg = Release|Any CPU
		{8645789B-7F3A-49EF-8189-B6CFEDCE20D2}.Release|Any CPU.Build.0 = Release|Any CPU
		{4125D207-C00B-4A36-B001-E5F49E5D7109}.Debug|Any CPU.ActiveCfg = Debug|Any CPU
		{4125D207-C00B-4A36-B001-E5F49E5D7109}.Debug|Any CPU.Build.0 = Debug|Any CPU
		{4125D207-C00B-4A36-B001-E5F49E5D7109}.Release|Any CPU.ActiveCfg = Release|Any CPU
		{4125D207-C00B-4A36-B001-E5F49E5D7109}.Release|Any CPU.Build.0 = Release|Any CPU
		{45529114-ECCB-4250-9D94-1BB0345AECBE}.Debug|Any CPU.ActiveCfg = Debug|Any CPU
		{45529114-ECCB-4250-9D94-1BB0345AECBE}.Debug|Any CPU.Build.0 = Debug|Any CPU
		{45529114-ECCB-4250-9D94-1BB0345AECBE}.Release|Any CPU.ActiveCfg = Release|Any CPU
		{45529114-ECCB-4250-9D94-1BB0345AECBE}.Release|Any CPU.Build.0 = Release|Any CPU
		{B11692F2-4D3B-429E-9D57-9939DEA939BE}.Debug|Any CPU.ActiveCfg = Debug|Any CPU
		{B11692F2-4D3B-429E-9D57-9939DEA939BE}.Debug|Any CPU.Build.0 = Debug|Any CPU
		{B11692F2-4D3B-429E-9D57-9939DEA939BE}.Release|Any CPU.ActiveCfg = Release|Any CPU
		{B11692F2-4D3B-429E-9D57-9939DEA939BE}.Release|Any CPU.Build.0 = Release|Any CPU
		{699420FA-44C3-4F10-AF79-2F439A84D163}.Debug|Any CPU.ActiveCfg = Debug|Any CPU
		{699420FA-44C3-4F10-AF79-2F439A84D163}.Debug|Any CPU.Build.0 = Debug|Any CPU
		{699420FA-44C3-4F10-AF79-2F439A84D163}.Release|Any CPU.ActiveCfg = Release|Any CPU
		{699420FA-44C3-4F10-AF79-2F439A84D163}.Release|Any CPU.Build.0 = Release|Any CPU
	EndGlobalSection
EndGlobal
